
Microsoft Visual Studio Solution File, Format Version 12.00
# Visual Studio Version 16
VisualStudioVersion = 16.0.31205.134
MinimumVisualStudioVersion = 10.0.40219.1
Project("{FAE04EC0-301F-11D3-BF4B-00C04F79EFBC}") = "curso.api", "curso.api\curso.api.csproj", "{7BD3D9C0-A9D5-4502-9B77-4B043CCD0BF2}"
EndProject
Global
	GlobalSection(SolutionConfigurationPlatforms) = preSolution
		Debug|Any CPU = Debug|Any CPU
		Release|Any CPU = Release|Any CPU
	EndGlobalSection
	GlobalSection(ProjectConfigurationPlatforms) = postSolution
		{7BD3D9C0-A9D5-4502-9B77-4B043CCD0BF2}.Debug|Any CPU.ActiveCfg = Debug|Any CPU
		{7BD3D9C0-A9D5-4502-9B77-4B043CCD0BF2}.Debug|Any CPU.Build.0 = Debug|Any CPU
		{7BD3D9C0-A9D5-4502-9B77-4B043CCD0BF2}.Release|Any CPU.ActiveCfg = Release|Any CPU
		{7BD3D9C0-A9D5-4502-9B77-4B043CCD0BF2}.Release|Any CPU.Build.0 = Release|Any CPU
	EndGlobalSection
	GlobalSection(SolutionProperties) = preSolution
		HideSolutionNode = FALSE
	EndGlobalSection
	GlobalSection(ExtensibilityGlobals) = postSolution
		SolutionGuid = {E00A1F11-6DF0-4CA3-932D-2DCCD13DFB36}
	EndGlobalSection
EndGlobal
